github.com/go-simd/adler32 v0.0.0-20260923204409-4db2a9281622 h1:CGnOevgOjgWKZjKfZfMMvCEkmBlnxoge1uUHQDH6/oM=
github.com/go-simd/adler32 v0.0.0-20260923204409-4db2a9281622/go.mod h1:Ev/S50A53N1VSPR82MDZ4kSRn+pnYMA0EaTR25L61xg=
github.com/go-simd/crc32 v0.0.0-20260903220012-5f164e0e0487 h1:6JZ4TKf3j6y7xS9meu2MBQZHkkeebFWiQo8x2htKfd0=
github.com/go-simd/crc32 v0.0.0-20260903220012-5f164e0e0487/go.mod h1:lickteAl0z3L24ypOqBe0AwoHPMMxxpYcxJu72aO1kw=
github.com/klauspost/compress v1.20.1 h1:T7kKElXUMXrUJ2E9QhQhxFtcK5rPyLdsGZvdbLMPdiQ=
github.com/klauspost/compress v1.20.1/go.mod h1:LUdAzn7YLVvxLpc7y3V1m40wESHTgc1422pwwBSKYuI=
github.com/mhr3/adler32-simd v0.3.0 h1:4CdhRQdivbqK8X1rGRsd50n48hUFtzQEd5pBzndgnC0=
github.com/mhr3/adler32-simd v0.3.0/go.mod h1:dWAnxNc3wSXy0lhxgkXMNj9xyY46iL8vZwkETDE2Gpw=
golang.org/x/sys v0.48.0 h1:bbX/i/6MgT9BVLM9RT1thmxL04yeTAhbEz4SyadbXoo=
golang.org/x/sys v0.48.0/go.mod h1:hNLxWAXmnKAxqDtdwIYC4bM9oQPEecfsnNMuSxOs3og=
